
Microsoft Visual Studio Solution File, Format Version 12.00
# Visual Studio Version 17
VisualStudioVersion = 17.5.33627.172
MinimumVisualStudioVersion = 10.0.40219.1
Project("{FAE04EC0-301F-11D3-BF4B-00C04F79EFBC}") = "Bloggie.Web", "Bloggie.Web\Bloggie.Web.csproj", "{2531E800-4221-433B-885C-4D02B8430171}"
EndProject
Global
	GlobalSection(SolutionConfigurationPlatforms) = preSolution
		Debug|Any CPU = Debug|Any CPU
		Release|Any CPU = Release|Any CPU
	EndGlobalSection
	GlobalSection(ProjectConfigurationPlatforms) = postSolution
		{2531E800-4221-433B-885C-4D02B8430171}.Debug|Any CPU.ActiveCfg = Debug|Any CPU
		{2531E800-4221-433B-885C-4D02B8430171}.Debug|Any CPU.Build.0 = Debug|Any CPU
		{2531E800-4221-433B-885C-4D02B8430171}.Release|Any CPU.ActiveCfg = Release|Any CPU
		{2531E800-4221-433B-885C-4D02B8430171}.Release|Any CPU.Build.0 = Release|Any CPU
	EndGlobalSection
	GlobalSection(SolutionProperties) = preSolution
		HideSolutionNode = FALSE
	EndGlobalSection
	GlobalSection(ExtensibilityGlobals) = postSolution
		SolutionGuid = {96DDC7CD-7387-4AE5-A300-1BE88EB27073}
	EndGlobalSection
EndGlobal
